// !$*UTF8*$!
{
	archiveVersion = 1;
	classes = {
	};
	objectVersion = 55;
	objects = {

/* Begin PBXBuildFile section */
		0304778610CD3D4D4D021476 /* TuistAssets+Imdangg.swift in Sources */ = {isa = PBXBuildFile; fileRef = 0C69BB5D6A199708DD88EA53 /* TuistAssets+Imdangg.swift */; };
		073BFDD46660010CA112A6D6 /* RxSwift.framework in Frameworks */ = {isa = PBXBuildFile; fileRef = F998FFBBAF4DD51C32F314B2 /* RxSwift.framework */; };
		15250D464B59778DBF522CCE /* RxCocoa.framework in Frameworks */ = {isa = PBXBuildFile; fileRef = 4765E3DCC62ACA78D2E7A396 /* RxCocoa.framework */; };
		1A17642DE0E48CDAF6957126 /* Alamofire.framework in Frameworks */ = {isa = PBXBuildFile; fileRef = D7D556386D154C7CD9D61DA1 /* Alamofire.framework */; };
		39C2B3F5526D0025A2871BF3 /* ReactorKit.framework in Embed Frameworks */ = {isa = PBXBuildFile; fileRef = 443BC9F1DF434DF8CBCAD4CD /* ReactorKit.framework */; settings = {ATTRIBUTES = (CodeSignOnCopy, RemoveHeadersOnCopy, ); }; };
		4C8CD12EEAF1E5F953976112 /* RxSwift_RxRelay.bundle in Resources */ = {isa = PBXBuildFile; fileRef = 32A5FD6AFBB1729CC04B8301 /* RxSwift_RxRelay.bundle */; };
		4FCC4301265D0F24533C50EF /* ImdanggTests.swift in Sources */ = {isa = PBXBuildFile; fileRef = DDB11249B27ECC7527AEF5B8 /* ImdanggTests.swift */; };
		50AB995462DBA4C3E3F2C324 /* RxSwift.framework in Embed Frameworks */ = {isa = PBXBuildFile; fileRef = F998FFBBAF4DD51C32F314B2 /* RxSwift.framework */; settings = {ATTRIBUTES = (CodeSignOnCopy, RemoveHeadersOnCopy, ); }; };
		54EF0F6CEC6EF034F8067A2D /* Assets.xcassets in Resources */ = {isa = PBXBuildFile; fileRef = 1449C117E9F9349A8A714015 /* Assets.xcassets */; };
		6CB30B5ABBDAC9088A239CD4 /* Then.framework in Embed Frameworks */ = {isa = PBXBuildFile; fileRef = 5FA0CE26D59DF3BFB403BD56 /* Then.framework */; settings = {ATTRIBUTES = (CodeSignOnCopy, RemoveHeadersOnCopy, ); }; };
		6F7E0A4D3C6610F6BAF98126 /* SceneDelegate.swift in Sources */ = {isa = PBXBuildFile; fileRef = 5EE2914159C0A5BF1108D357 /* SceneDelegate.swift */; };
		7CCFB5F92DF8ED52F26DA161 /* RxSwift_RxCocoaRuntime.bundle in Dependencies */ = {isa = PBXBuildFile; fileRef = 6FD1198254D3C6688E95DD07 /* RxSwift_RxCocoaRuntime.bundle */; };
		7FAC85A9D78DC0347C67498C /* RxSwift_RxRelay.bundle in Dependencies */ = {isa = PBXBuildFile; fileRef = 32A5FD6AFBB1729CC04B8301 /* RxSwift_RxRelay.bundle */; };
		7FCFA8ACD960ADBE7F257F13 /* SnapKit.framework in Embed Frameworks */ = {isa = PBXBuildFile; fileRef = 90611E51A3F8A0958BCB70B1 /* SnapKit.framework */; settings = {ATTRIBUTES = (CodeSignOnCopy, RemoveHeadersOnCopy, ); }; };
		90C215229086550F31780575 /* Kingfisher.framework in Frameworks */ = {isa = PBXBuildFile; fileRef = 0013D79935F245AFBBBDC9E7 /* Kingfisher.framework */; };
		93B867BB29DC765DD27D993F /* SnapKit.framework in Frameworks */ = {isa = PBXBuildFile; fileRef = 90611E51A3F8A0958BCB70B1 /* SnapKit.framework */; };
		B87E12D5C1D18F149438F05C /* Then.framework in Frameworks */ = {isa = PBXBuildFile; fileRef = 5FA0CE26D59DF3BFB403BD56 /* Then.framework */; };
		C883D3F960E58542D0AD1194 /* AppDelegate.swift in Sources */ = {isa = PBXBuildFile; fileRef = 50C5763BC3645E10C8B8D3EF /* AppDelegate.swift */; };
		CB43BBF3B095125FF223E9EE /* Preview Assets.xcassets in Resources */ = {isa = PBXBuildFile; fileRef = D181691EAFDF4049AEFC00C1 /* Preview Assets.xcassets */; };
		D653147AC59ECB969664DBF7 /* EmptyEntities.swift in Sources */ = {isa = PBXBuildFile; fileRef = AC693D0F0D3A848D5C1567D6 /* EmptyEntities.swift */; };
		DB3F97ECB4671CB060DC4454 /* RxSwift_RxCocoaRuntime.bundle in Resources */ = {isa = PBXBuildFile; fileRef = 6FD1198254D3C6688E95DD07 /* RxSwift_RxCocoaRuntime.bundle */; };
		DEC3834D84F0FEDB470550CE /* RxCocoa.framework in Embed Frameworks */ = {isa = PBXBuildFile; fileRef = 4765E3DCC62ACA78D2E7A396 /* RxCocoa.framework */; settings = {ATTRIBUTES = (CodeSignOnCopy, RemoveHeadersOnCopy, ); }; };
		DF1114A4D858467902113D2F /* Alamofire.framework in Embed Frameworks */ = {isa = PBXBuildFile; fileRef = D7D556386D154C7CD9D61DA1 /* Alamofire.framework */; settings = {ATTRIBUTES = (CodeSignOnCopy, RemoveHeadersOnCopy, ); }; };
		E1CCBB05C5A45B0BE7CAF831 /* EmptyData.swift in Sources */ = {isa = PBXBuildFile; fileRef = 6D65DF5AF6FF45AC3F007614 /* EmptyData.swift */; };
		E356F0ECA0FCF8A8DF17AFCA /* Kingfisher.framework in Embed Frameworks */ = {isa = PBXBuildFile; fileRef = 0013D79935F245AFBBBDC9E7 /* Kingfisher.framework */; settings = {ATTRIBUTES = (CodeSignOnCopy, RemoveHeadersOnCopy, ); }; };
		E74FF5FB1AEA0761A2C3F698 /* FontUtility.swift in Sources */ = {isa = PBXBuildFile; fileRef = B92E366C6011D995D4772638 /* FontUtility.swift */; };
		F72ED1133A9E3CEFAEC9DF05 /* ReactorKit.framework in Frameworks */ = {isa = PBXBuildFile; fileRef = 443BC9F1DF434DF8CBCAD4CD /* ReactorKit.framework */; };
		F8204E8B3F7A46F7C0AC0984 /* TuistBundle+Imdangg.swift in Sources */ = {isa = PBXBuildFile; fileRef = 102B157ED4D5233007092D01 /* TuistBundle+Imdangg.swift */; };
		F994B96AC3C21185DE1D4D1E /* UserDefault.swift in Sources */ = {isa = PBXBuildFile; fileRef = 8EDED48A3EF8A582917DDB18 /* UserDefault.swift */; };
		FD93D8099A3813E249B131CB /* ViewController.swift in Sources */ = {isa = PBXBuildFile; fileRef = 4D32848C9462B3EDD3C7A9CD /* ViewController.swift */; };
/* End PBXBuildFile section */

/* Begin PBXContainerItemProxy section */
		95BA67F1B295359300DC8F55 /* PBXContainerItemProxy */ = {
			isa = PBXContainerItemProxy;
			containerPortal = 9BEAF3ABBDA395E22BF9B656 /* Project object */;
			proxyType = 1;
			remoteGlobalIDString = C3F68F9A332462CC1CA0CBDE;
			remoteInfo = imdangg;
		};
/* End PBXContainerItemProxy section */

/* Begin PBXCopyFilesBuildPhase section */
		0CD27D3FD788F64B37E1C252 /* Embed Frameworks */ = {
			isa = PBXCopyFilesBuildPhase;
			buildActionMask = 2147483647;
			dstPath = "";
			dstSubfolderSpec = 10;
			files = (
			);
			name = "Embed Frameworks";
			runOnlyForDeploymentPostprocessing = 0;
		};
		D6D95B44B2C3575863D79441 /* Embed Frameworks */ = {
			isa = PBXCopyFilesBuildPhase;
			buildActionMask = 2147483647;
			dstPath = "";
			dstSubfolderSpec = 10;
			files = (
				DF1114A4D858467902113D2F /* Alamofire.framework in Embed Frameworks */,
				E356F0ECA0FCF8A8DF17AFCA /* Kingfisher.framework in Embed Frameworks */,
				39C2B3F5526D0025A2871BF3 /* ReactorKit.framework in Embed Frameworks */,
				DEC3834D84F0FEDB470550CE /* RxCocoa.framework in Embed Frameworks */,
				50AB995462DBA4C3E3F2C324 /* RxSwift.framework in Embed Frameworks */,
				7FCFA8ACD960ADBE7F257F13 /* SnapKit.framework in Embed Frameworks */,
				6CB30B5ABBDAC9088A239CD4 /* Then.framework in Embed Frameworks */,
			);
			name = "Embed Frameworks";
			runOnlyForDeploymentPostprocessing = 0;
		};
		D72901AA96351E69D2FE682D /* Dependencies */ = {
			isa = PBXCopyFilesBuildPhase;
			buildActionMask = 8;
			dstSubfolderSpec = 16;
			files = (
				7CCFB5F92DF8ED52F26DA161 /* RxSwift_RxCocoaRuntime.bundle in Dependencies */,
				7FAC85A9D78DC0347C67498C /* RxSwift_RxRelay.bundle in Dependencies */,
			);
			name = Dependencies;
			runOnlyForDeploymentPostprocessing = 1;
		};
/* End PBXCopyFilesBuildPhase section */

/* Begin PBXFileReference section */
		0013D79935F245AFBBBDC9E7 /* Kingfisher.framework */ = {isa = PBXFileReference; explicitFileType = wrapper.framework; includeInIndex = 0; path = Kingfisher.framework; sourceTree = BUILT_PRODUCTS_DIR; };
		050FC8EBDA53BE5A4A81AB96 /* imdanggTests.xctest */ = {isa = PBXFileReference; explicitFileType = wrapper.cfbundle; includeInIndex = 0; path = imdanggTests.xctest; sourceTree = BUILT_PRODUCTS_DIR; };
		0C69BB5D6A199708DD88EA53 /* TuistAssets+Imdangg.swift */ = {isa = PBXFileReference; lastKnownFileType = sourcecode.swift; path = "TuistAssets+Imdangg.swift"; sourceTree = "<group>"; };
		102B157ED4D5233007092D01 /* TuistBundle+Imdangg.swift */ = {isa = PBXFileReference; lastKnownFileType = sourcecode.swift; path = "TuistBundle+Imdangg.swift"; sourceTree = "<group>"; };
		1449C117E9F9349A8A714015 /* Assets.xcassets */ = {isa = PBXFileReference; lastKnownFileType = folder.assetcatalog; path = Assets.xcassets; sourceTree = "<group>"; };
		32A5FD6AFBB1729CC04B8301 /* RxSwift_RxRelay.bundle */ = {isa = PBXFileReference; explicitFileType = wrapper.cfbundle; includeInIndex = 0; path = RxSwift_RxRelay.bundle; sourceTree = BUILT_PRODUCTS_DIR; };
		443BC9F1DF434DF8CBCAD4CD /* ReactorKit.framework */ = {isa = PBXFileReference; explicitFileType = wrapper.framework; includeInIndex = 0; path = ReactorKit.framework; sourceTree = BUILT_PRODUCTS_DIR; };
		4765E3DCC62ACA78D2E7A396 /* RxCocoa.framework */ = {isa = PBXFileReference; explicitFileType = wrapper.framework; includeInIndex = 0; path = RxCocoa.framework; sourceTree = BUILT_PRODUCTS_DIR; };
		4D32848C9462B3EDD3C7A9CD /* ViewController.swift */ = {isa = PBXFileReference; lastKnownFileType = sourcecode.swift; path = ViewController.swift; sourceTree = "<group>"; };
		50C5763BC3645E10C8B8D3EF /* AppDelegate.swift */ = {isa = PBXFileReference; lastKnownFileType = sourcecode.swift; path = AppDelegate.swift; sourceTree = "<group>"; };
		5EE2914159C0A5BF1108D357 /* SceneDelegate.swift */ = {isa = PBXFileReference; lastKnownFileType = sourcecode.swift; path = SceneDelegate.swift; sourceTree = "<group>"; };
		5FA0CE26D59DF3BFB403BD56 /* Then.framework */ = {isa = PBXFileReference; explicitFileType = wrapper.framework; includeInIndex = 0; path = Then.framework; sourceTree = BUILT_PRODUCTS_DIR; };
		6D65DF5AF6FF45AC3F007614 /* EmptyData.swift */ = {isa = PBXFileReference; lastKnownFileType = sourcecode.swift; path = EmptyData.swift; sourceTree = "<group>"; };
		6FD1198254D3C6688E95DD07 /* RxSwift_RxCocoaRuntime.bundle */ = {isa = PBXFileReference; explicitFileType = wrapper.cfbundle; includeInIndex = 0; path = RxSwift_RxCocoaRuntime.bundle; sourceTree = BUILT_PRODUCTS_DIR; };
		714749748E8EEB3B55EB7992 /* imdangg.app */ = {isa = PBXFileReference; explicitFileType = wrapper.application; includeInIndex = 0; path = imdangg.app; sourceTree = BUILT_PRODUCTS_DIR; };
		8EDED48A3EF8A582917DDB18 /* UserDefault.swift */ = {isa = PBXFileReference; lastKnownFileType = sourcecode.swift; path = UserDefault.swift; sourceTree = "<group>"; };
		90611E51A3F8A0958BCB70B1 /* SnapKit.framework */ = {isa = PBXFileReference; explicitFileType = wrapper.framework; includeInIndex = 0; path = SnapKit.framework; sourceTree = BUILT_PRODUCTS_DIR; };
		9A4AEB8912B72CCE0074648F /* imdanggTests-Info.plist */ = {isa = PBXFileReference; lastKnownFileType = text.plist; path = "imdanggTests-Info.plist"; sourceTree = "<group>"; };
		A303AC63AE34369440BB24E9 /* imdangg-Info.plist */ = {isa = PBXFileReference; lastKnownFileType = text.plist; path = "imdangg-Info.plist"; sourceTree = "<group>"; };
		AC693D0F0D3A848D5C1567D6 /* EmptyEntities.swift */ = {isa = PBXFileReference; lastKnownFileType = sourcecode.swift; path = EmptyEntities.swift; sourceTree = "<group>"; };
		B92E366C6011D995D4772638 /* FontUtility.swift */ = {isa = PBXFileReference; lastKnownFileType = sourcecode.swift; path = FontUtility.swift; sourceTree = "<group>"; };
		D181691EAFDF4049AEFC00C1 /* Preview Assets.xcassets */ = {isa = PBXFileReference; lastKnownFileType = folder.assetcatalog; path = "Preview Assets.xcassets"; sourceTree = "<group>"; };
		D7D556386D154C7CD9D61DA1 /* Alamofire.framework */ = {isa = PBXFileReference; explicitFileType = wrapper.framework; includeInIndex = 0; path = Alamofire.framework; sourceTree = BUILT_PRODUCTS_DIR; };
		DDB11249B27ECC7527AEF5B8 /* ImdanggTests.swift */ = {isa = PBXFileReference; lastKnownFileType = sourcecode.swift; path = ImdanggTests.swift; sourceTree = "<group>"; };
		F998FFBBAF4DD51C32F314B2 /* RxSwift.framework */ = {isa = PBXFileReference; explicitFileType = wrapper.framework; includeInIndex = 0; path = RxSwift.framework; sourceTree = BUILT_PRODUCTS_DIR; };
/* End PBXFileReference section */

/* Begin PBXFrameworksBuildPhase section */
		4E2F5D8F41C0A33933CB0557 /* Frameworks */ = {
			isa = PBXFrameworksBuildPhase;
			buildActionMask = 2147483647;
			files = (
				1A17642DE0E48CDAF6957126 /* Alamofire.framework in Frameworks */,
				90C215229086550F31780575 /* Kingfisher.framework in Frameworks */,
				F72ED1133A9E3CEFAEC9DF05 /* ReactorKit.framework in Frameworks */,
				15250D464B59778DBF522CCE /* RxCocoa.framework in Frameworks */,
				073BFDD46660010CA112A6D6 /* RxSwift.framework in Frameworks */,
				93B867BB29DC765DD27D993F /* SnapKit.framework in Frameworks */,
				B87E12D5C1D18F149438F05C /* Then.framework in Frameworks */,
			);
			runOnlyForDeploymentPostprocessing = 0;
		};
		780AD0D03369849E3F90C35F /* Frameworks */ = {
			isa = PBXFrameworksBuildPhase;
			buildActionMask = 2147483647;
			files = (
			);
			runOnlyForDeploymentPostprocessing = 0;
		};
/* End PBXFrameworksBuildPhase section */

/* Begin PBXGroup section */
		0129CD3A1FF57B2F9ECF7DA1 /* Domain */ = {
			isa = PBXGroup;
			children = (
				3F64E525CC98F66363E41428 /* Entities */,
			);
			path = Domain;
			sourceTree = "<group>";
		};
		23568E72A1C17BDFE2430E29 /* Sources */ = {
			isa = PBXGroup;
			children = (
				0C69BB5D6A199708DD88EA53 /* TuistAssets+Imdangg.swift */,
				102B157ED4D5233007092D01 /* TuistBundle+Imdangg.swift */,
			);
			path = Sources;
			sourceTree = "<group>";
		};
		2B94E132CB0EC2E93B5170EB /* Derived */ = {
			isa = PBXGroup;
			children = (
				8334E87298E4C468B08D2926 /* InfoPlists */,
				23568E72A1C17BDFE2430E29 /* Sources */,
			);
			path = Derived;
			sourceTree = "<group>";
		};
		2FC4AA021870C2C9557F7289 /* App */ = {
			isa = PBXGroup;
			children = (
				50C5763BC3645E10C8B8D3EF /* AppDelegate.swift */,
				5EE2914159C0A5BF1108D357 /* SceneDelegate.swift */,
			);
			path = App;
			sourceTree = "<group>";
		};
		3A668BD12F90C3827E53D782 /* Home */ = {
			isa = PBXGroup;
			children = (
				C11A6C6AE2C0F3C850F6BD22 /* View */,
			);
			path = Home;
			sourceTree = "<group>";
		};
		3F64E525CC98F66363E41428 /* Entities */ = {
			isa = PBXGroup;
			children = (
				AC693D0F0D3A848D5C1567D6 /* EmptyEntities.swift */,
			);
			path = Entities;
			sourceTree = "<group>";
		};
		652A63C3655CFE1CF64D3EDF = {
			isa = PBXGroup;
			children = (
				8E0421877BD645B9E5EAED46 /* Project */,
				6CD0E8F4835D4509692BC699 /* Products */,
			);
			sourceTree = "<group>";
		};
		6CD0E8F4835D4509692BC699 /* Products */ = {
			isa = PBXGroup;
			children = (
				D7D556386D154C7CD9D61DA1 /* Alamofire.framework */,
				714749748E8EEB3B55EB7992 /* imdangg.app */,
				050FC8EBDA53BE5A4A81AB96 /* imdanggTests.xctest */,
				0013D79935F245AFBBBDC9E7 /* Kingfisher.framework */,
				443BC9F1DF434DF8CBCAD4CD /* ReactorKit.framework */,
				4765E3DCC62ACA78D2E7A396 /* RxCocoa.framework */,
				6FD1198254D3C6688E95DD07 /* RxSwift_RxCocoaRuntime.bundle */,
				32A5FD6AFBB1729CC04B8301 /* RxSwift_RxRelay.bundle */,
				F998FFBBAF4DD51C32F314B2 /* RxSwift.framework */,
				90611E51A3F8A0958BCB70B1 /* SnapKit.framework */,
				5FA0CE26D59DF3BFB403BD56 /* Then.framework */,
			);
			name = Products;
			sourceTree = "<group>";
		};
		783208F307F987B345865BDD /* Utils */ = {
			isa = PBXGroup;
			children = (
				B92E366C6011D995D4772638 /* FontUtility.swift */,
				8EDED48A3EF8A582917DDB18 /* UserDefault.swift */,
			);
			path = Utils;
			sourceTree = "<group>";
		};
		8334E87298E4C468B08D2926 /* InfoPlists */ = {
			isa = PBXGroup;
			children = (
				A303AC63AE34369440BB24E9 /* imdangg-Info.plist */,
				9A4AEB8912B72CCE0074648F /* imdanggTests-Info.plist */,
			);
			path = InfoPlists;
			sourceTree = "<group>";
		};
		8E0421877BD645B9E5EAED46 /* Project */ = {
			isa = PBXGroup;
			children = (
				2B94E132CB0EC2E93B5170EB /* Derived */,
				996BFBC98215A74D4D233C55 /* imdangg */,
			);
			name = Project;
			sourceTree = "<group>";
		};
		910E670954235168632EC134 /* Tests */ = {
			isa = PBXGroup;
			children = (
				DDB11249B27ECC7527AEF5B8 /* ImdanggTests.swift */,
			);
			path = Tests;
			sourceTree = "<group>";
		};
		97BD0E21299AEE3BF565ACB0 /* Presentation */ = {
			isa = PBXGroup;
			children = (
				3A668BD12F90C3827E53D782 /* Home */,
			);
			path = Presentation;
			sourceTree = "<group>";
		};
		996BFBC98215A74D4D233C55 /* imdangg */ = {
			isa = PBXGroup;
			children = (
				E736094502D2B787A79F51F8 /* Resources */,
				A4B8AF3E91C6641347A83415 /* Sources */,
				910E670954235168632EC134 /* Tests */,
			);
			path = imdangg;
			sourceTree = "<group>";
		};
		A4B8AF3E91C6641347A83415 /* Sources */ = {
			isa = PBXGroup;
			children = (
				2FC4AA021870C2C9557F7289 /* App */,
				E4B9E138F35BA7438CC7CDB9 /* Data */,
				0129CD3A1FF57B2F9ECF7DA1 /* Domain */,
				97BD0E21299AEE3BF565ACB0 /* Presentation */,
				783208F307F987B345865BDD /* Utils */,
			);
			path = Sources;
			sourceTree = "<group>";
		};
		C11A6C6AE2C0F3C850F6BD22 /* View */ = {
			isa = PBXGroup;
			children = (
				4D32848C9462B3EDD3C7A9CD /* ViewController.swift */,
			);
			path = View;
			sourceTree = "<group>";
		};
		E4B9E138F35BA7438CC7CDB9 /* Data */ = {
			isa = PBXGroup;
			children = (
				6D65DF5AF6FF45AC3F007614 /* EmptyData.swift */,
			);
			path = Data;
			sourceTree = "<group>";
		};
		E736094502D2B787A79F51F8 /* Resources */ = {
			isa = PBXGroup;
			children = (
				F1658E996D79F4DDE94AB714 /* Preview Content */,
				1449C117E9F9349A8A714015 /* Assets.xcassets */,
			);
			path = Resources;
			sourceTree = "<group>";
		};
		F1658E996D79F4DDE94AB714 /* Preview Content */ = {
			isa = PBXGroup;
			children = (
				D181691EAFDF4049AEFC00C1 /* Preview Assets.xcassets */,
			);
			path = "Preview Content";
			sourceTree = "<group>";
		};
/* End PBXGroup section */

/* Begin PBXNativeTarget section */
		C3F68F9A332462CC1CA0CBDE /* imdangg */ = {
			isa = PBXNativeTarget;
			buildConfigurationList = 87B04236E299E551696B9BEA /* Build configuration list for PBXNativeTarget "imdangg" */;
			buildPhases = (
				08717952913AE72FDA0B4863 /* Sources */,
				1563F1FDF8ECBBE4B4F08BC9 /* Resources */,
				D6D95B44B2C3575863D79441 /* Embed Frameworks */,
				4E2F5D8F41C0A33933CB0557 /* Frameworks */,
				D72901AA96351E69D2FE682D /* Dependencies */,
			);
			buildRules = (
			);
			dependencies = (
			);
			name = imdangg;
			packageProductDependencies = (
			);
			productName = imdangg;
			productReference = 714749748E8EEB3B55EB7992 /* imdangg.app */;
			productType = "com.apple.product-type.application";
		};
		DB07EA1E625FD7E858ACCEEB /* imdanggTests */ = {
			isa = PBXNativeTarget;
			buildConfigurationList = 9F8D7BFF4F0CC74F9BC87C1E /* Build configuration list for PBXNativeTarget "imdanggTests" */;
			buildPhases = (
				A86507FA9A0AB22821AE81B7 /* Sources */,
				AAE8E76A7B4F2D16EA6D8307 /* Resources */,
				0CD27D3FD788F64B37E1C252 /* Embed Frameworks */,
				780AD0D03369849E3F90C35F /* Frameworks */,
			);
			buildRules = (
			);
			dependencies = (
				73E031BC2269394A1DD32DE0 /* PBXTargetDependency */,
			);
			name = imdanggTests;
			packageProductDependencies = (
			);
			productName = imdanggTests;
			productReference = 050FC8EBDA53BE5A4A81AB96 /* imdanggTests.xctest */;
			productType = "com.apple.product-type.bundle.unit-test";
		};
/* End PBXNativeTarget section */

/* Begin PBXProject section */
		9BEAF3ABBDA395E22BF9B656 /* Project object */ = {
			isa = PBXProject;
			attributes = {
				BuildIndependentTargetsInParallel = YES;
				TargetAttributes = {
					DB07EA1E625FD7E858ACCEEB = {
						TestTargetID = C3F68F9A332462CC1CA0CBDE;
					};
				};
			};
			buildConfigurationList = 7AD75911CE09F9DC1F52ECDC /* Build configuration list for PBXProject "imdangg" */;
			compatibilityVersion = "Xcode 14.0";
			developmentRegion = en;
			hasScannedForEncodings = 0;
			knownRegions = (
				Base,
				en,
			);
			mainGroup = 652A63C3655CFE1CF64D3EDF;
			productRefGroup = 6CD0E8F4835D4509692BC699 /* Products */;
			projectDirPath = "";
			projectRoot = "";
			targets = (
				C3F68F9A332462CC1CA0CBDE /* imdangg */,
				DB07EA1E625FD7E858ACCEEB /* imdanggTests */,
			);
		};
/* End PBXProject section */

/* Begin PBXResourcesBuildPhase section */
		1563F1FDF8ECBBE4B4F08BC9 /* Resources */ = {
			isa = PBXResourcesBuildPhase;
			buildActionMask = 2147483647;
			files = (
				54EF0F6CEC6EF034F8067A2D /* Assets.xcassets in Resources */,
				CB43BBF3B095125FF223E9EE /* Preview Assets.xcassets in Resources */,
				DB3F97ECB4671CB060DC4454 /* RxSwift_RxCocoaRuntime.bundle in Resources */,
				4C8CD12EEAF1E5F953976112 /* RxSwift_RxRelay.bundle in Resources */,
			);
			runOnlyForDeploymentPostprocessing = 0;
		};
		AAE8E76A7B4F2D16EA6D8307 /* Resources */ = {
			isa = PBXResourcesBuildPhase;
			buildActionMask = 2147483647;
			files = (
			);
			runOnlyForDeploymentPostprocessing = 0;
		};
/* End PBXResourcesBuildPhase section */

/* Begin PBXSourcesBuildPhase section */
		08717952913AE72FDA0B4863 /* Sources */ = {
			isa = PBXSourcesBuildPhase;
			buildActionMask = 2147483647;
			files = (
				0304778610CD3D4D4D021476 /* TuistAssets+Imdangg.swift in Sources */,
				F8204E8B3F7A46F7C0AC0984 /* TuistBundle+Imdangg.swift in Sources */,
				C883D3F960E58542D0AD1194 /* AppDelegate.swift in Sources */,
				6F7E0A4D3C6610F6BAF98126 /* SceneDelegate.swift in Sources */,
				E1CCBB05C5A45B0BE7CAF831 /* EmptyData.swift in Sources */,
				D653147AC59ECB969664DBF7 /* EmptyEntities.swift in Sources */,
				FD93D8099A3813E249B131CB /* ViewController.swift in Sources */,
				E74FF5FB1AEA0761A2C3F698 /* FontUtility.swift in Sources */,
				F994B96AC3C21185DE1D4D1E /* UserDefault.swift in Sources */,
			);
			runOnlyForDeploymentPostprocessing = 0;
		};
		A86507FA9A0AB22821AE81B7 /* Sources */ = {
			isa = PBXSourcesBuildPhase;
			buildActionMask = 2147483647;
			files = (
				4FCC4301265D0F24533C50EF /* ImdanggTests.swift in Sources */,
			);
			runOnlyForDeploymentPostprocessing = 0;
		};
/* End PBXSourcesBuildPhase section */

/* Begin PBXTargetDependency section */
		73E031BC2269394A1DD32DE0 /* PBXTargetDependency */ = {
			isa = PBXTargetDependency;
			name = imdangg;
			target = C3F68F9A332462CC1CA0CBDE /* imdangg */;
			targetProxy = 95BA67F1B295359300DC8F55 /* PBXContainerItemProxy */;
		};
/* End PBXTargetDependency section */

/* Begin XCBuildConfiguration section */
		07708947634FE870DBC0181D /* Debug */ = {
			isa = XCBuildConfiguration;
			buildSettings = {
				ASSETCATALOG_COMPILER_APPICON_NAME = AppIcon;
				CODE_SIGN_IDENTITY = "iPhone Developer";
				ENABLE_PREVIEWS = YES;
				HEADER_SEARCH_PATHS = (
					"$(inherited)",
					"$(inherited)",
					"$(SRCROOT)/Tuist/.build/checkouts/ReactorKit/Sources/ReactorKitRuntime/include",
					"$(SRCROOT)/Tuist/.build/checkouts/RxSwift/Sources/RxCocoaRuntime/include",
				);
				INFOPLIST_FILE = "Derived/InfoPlists/imdangg-Info.plist";
				LD_RUNPATH_SEARCH_PATHS = (
					"$(inherited)",
					"@executable_path/Frameworks",
				);
				OTHER_CFLAGS = (
					"$(inherited)",
					"-fmodule-map-file=$(SRCROOT)/Tuist/.build/tuist-derived/ReactorKitRuntime/ReactorKitRuntime.modulemap",
					"-fmodule-map-file=$(SRCROOT)/Tuist/.build/tuist-derived/RxCocoaRuntime/RxCocoaRuntime.modulemap",
				);
				OTHER_SWIFT_FLAGS = (
					"$(inherited)",
					"-Xcc",
					"-fmodule-map-file=$(SRCROOT)/Tuist/.build/tuist-derived/ReactorKitRuntime/ReactorKitRuntime.modulemap",
					"-Xcc",
					"-fmodule-map-file=$(SRCROOT)/Tuist/.build/tuist-derived/RxCocoaRuntime/RxCocoaRuntime.modulemap",
				);
				PRODUCT_BUNDLE_IDENTIFIER = io.tuist.imdangg;
				PRODUCT_NAME = imdangg;
				SDKROOT = iphoneos;
				SUPPORTS_MACCATALYST = NO;
				SUPPORTS_MAC_DESIGNED_FOR_IPHONE_IPAD = YES;
				SUPPORTS_XR_DESIGNED_FOR_IPHONE_IPAD = NO;
				SWIFT_ACTIVE_COMPILATION_CONDITIONS = (
					"$(inherited)",
					DEBUG,
				);
				SWIFT_COMPILATION_MODE = singlefile;
				SWIFT_OPTIMIZATION_LEVEL = "-Onone";
				SWIFT_VERSION = 5.0;
				TARGETED_DEVICE_FAMILY = "1,2";
			};
			name = Debug;
		};
		21816DA25C95771431E80333 /* Release */ = {
			isa = XCBuildConfiguration;
			buildSettings = {
				ALWAYS_SEARCH_USER_PATHS = NO;
				CLANG_ANALYZER_LOCALIZABILITY_NONLOCALIZED = YES;
				CLANG_ANALYZER_NONNULL = YES;
				CLANG_ANALYZER_NUMBER_OBJECT_CONVERSION = YES_AGGRESSIVE;
				CLANG_CXX_LANGUAGE_STANDARD = "gnu++14";
				CLANG_CXX_LIBRARY = "libc++";
				CLANG_ENABLE_MODULES = YES;
				CLANG_ENABLE_OBJC_ARC = YES;
				CLANG_ENABLE_OBJC_WEAK = YES;
				CLANG_WARN_BLOCK_CAPTURE_AUTORELEASING = YES;
				CLANG_WARN_BOOL_CONVERSION = YES;
				CLANG_WARN_COMMA = YES;
				CLANG_WARN_CONSTANT_CONVERSION = YES;
				CLANG_WARN_DEPRECATED_OBJC_IMPLEMENTATIONS = YES;
				CLANG_WARN_DIRECT_OBJC_ISA_USAGE = YES_ERROR;
				CLANG_WARN_DOCUMENTATION_COMMENTS = YES;
				CLANG_WARN_EMPTY_BODY = YES;
				CLANG_WARN_ENUM_CONVERSION = YES;
				CLANG_WARN_INFINITE_RECURSION = YES;
				CLANG_WARN_INT_CONVERSION = YES;
				CLANG_WARN_NON_LITERAL_NULL_CONVERSION = YES;
				CLANG_WARN_OBJC_IMPLICIT_RETAIN_SELF = YES;
				CLANG_WARN_OBJC_LITERAL_CONVERSION = YES;
				CLANG_WARN_OBJC_ROOT_CLASS = YES_ERROR;
				CLANG_WARN_QUOTED_INCLUDE_IN_FRAMEWORK_HEADER = YES;
				CLANG_WARN_RANGE_LOOP_ANALYSIS = YES;
				CLANG_WARN_STRICT_PROTOTYPES = YES;
				CLANG_WARN_SUSPICIOUS_MOVE = YES;
				CLANG_WARN_UNGUARDED_AVAILABILITY = YES_AGGRESSIVE;
				CLANG_WARN_UNREACHABLE_CODE = YES;
				CLANG_WARN__DUPLICATE_METHOD_MATCH = YES;
				COPY_PHASE_STRIP = NO;
				DEAD_CODE_STRIPPING = YES;
				DEBUG_INFORMATION_FORMAT = "dwarf-with-dsym";
				ENABLE_NS_ASSERTIONS = NO;
				ENABLE_STRICT_OBJC_MSGSEND = YES;
				GCC_C_LANGUAGE_STANDARD = gnu11;
				GCC_NO_COMMON_BLOCKS = YES;
				GCC_WARN_64_TO_32_BIT_CONVERSION = YES;
				GCC_WARN_ABOUT_RETURN_TYPE = YES_ERROR;
				GCC_WARN_UNDECLARED_SELECTOR = YES;
				GCC_WARN_UNINITIALIZED_AUTOS = YES_AGGRESSIVE;
				GCC_WARN_UNUSED_FUNCTION = YES;
				GCC_WARN_UNUSED_VARIABLE = YES;
				MTL_ENABLE_DEBUG_INFO = NO;
				PRODUCT_NAME = "$(TARGET_NAME)";
				VALIDATE_PRODUCT = YES;
			};
			name = Release;
		};
		549F6EA55B1565528F7F365F /* Debug */ = {
			isa = XCBuildConfiguration;
			buildSettings = {
				ALWAYS_SEARCH_USER_PATHS = NO;
				CLANG_ANALYZER_LOCALIZABILITY_NONLOCALIZED = YES;
				CLANG_ANALYZER_NONNULL = YES;
				CLANG_ANALYZER_NUMBER_OBJECT_CONVERSION = YES_AGGRESSIVE;
				CLANG_CXX_LANGUAGE_STANDARD = "gnu++14";
				CLANG_CXX_LIBRARY = "libc++";
				CLANG_ENABLE_MODULES = YES;
				CLANG_ENABLE_OBJC_ARC = YES;
				CLANG_ENABLE_OBJC_WEAK = YES;
				CLANG_WARN_BLOCK_CAPTURE_AUTORELEASING = YES;
				CLANG_WARN_BOOL_CONVERSION = YES;
				CLANG_WARN_COMMA = YES;
				CLANG_WARN_CONSTANT_CONVERSION = YES;
				CLANG_WARN_DEPRECATED_OBJC_IMPLEMENTATIONS = YES;
				CLANG_WARN_DIRECT_OBJC_ISA_USAGE = YES_ERROR;
				CLANG_WARN_DOCUMENTATION_COMMENTS = YES;
				CLANG_WARN_EMPTY_BODY = YES;
				CLANG_WARN_ENUM_CONVERSION = YES;
				CLANG_WARN_INFINITE_RECURSION = YES;
				CLANG_WARN_INT_CONVERSION = YES;
				CLANG_WARN_NON_LITERAL_NULL_CONVERSION = YES;
				CLANG_WARN_OBJC_IMPLICIT_RETAIN_SELF = YES;
				CLANG_WARN_OBJC_LITERAL_CONVERSION = YES;
				CLANG_WARN_OBJC_ROOT_CLASS = YES_ERROR;
				CLANG_WARN_QUOTED_INCLUDE_IN_FRAMEWORK_HEADER = YES;
				CLANG_WARN_RANGE_LOOP_ANALYSIS = YES;
				CLANG_WARN_STRICT_PROTOTYPES = YES;
				CLANG_WARN_SUSPICIOUS_MOVE = YES;
				CLANG_WARN_UNGUARDED_AVAILABILITY = YES_AGGRESSIVE;
				CLANG_WARN_UNREACHABLE_CODE = YES;
				CLANG_WARN__DUPLICATE_METHOD_MATCH = YES;
				COPY_PHASE_STRIP = NO;
				DEAD_CODE_STRIPPING = YES;
				DEBUG_INFORMATION_FORMAT = dwarf;
				ENABLE_STRICT_OBJC_MSGSEND = YES;
				ENABLE_TESTABILITY = YES;
				GCC_C_LANGUAGE_STANDARD = gnu11;
				GCC_DYNAMIC_NO_PIC = NO;
				GCC_NO_COMMON_BLOCKS = YES;
				GCC_OPTIMIZATION_LEVEL = 0;
				GCC_PREPROCESSOR_DEFINITIONS = (
					"DEBUG=1",
					"$(inherited)",
				);
				GCC_WARN_64_TO_32_BIT_CONVERSION = YES;
				GCC_WARN_ABOUT_RETURN_TYPE = YES_ERROR;
				GCC_WARN_UNDECLARED_SELECTOR = YES;
				GCC_WARN_UNINITIALIZED_AUTOS = YES_AGGRESSIVE;
				GCC_WARN_UNUSED_FUNCTION = YES;
				GCC_WARN_UNUSED_VARIABLE = YES;
				MTL_ENABLE_DEBUG_INFO = YES;
				ONLY_ACTIVE_ARCH = YES;
				PRODUCT_NAME = "$(TARGET_NAME)";
			};
			name = Debug;
		};
		C63BF4255531BF7B08F5E238 /* Release */ = {
			isa = XCBuildConfiguration;
			buildSettings = {
				BUNDLE_LOADER = "$(TEST_HOST)";
				CODE_SIGN_IDENTITY = "iPhone Developer";
				HEADER_SEARCH_PATHS = (
					"$(inherited)",
					"$(inherited)",
					"$(SRCROOT)/Tuist/.build/checkouts/ReactorKit/Sources/ReactorKitRuntime/include",
					"$(SRCROOT)/Tuist/.build/checkouts/RxSwift/Sources/RxCocoaRuntime/include",
				);
				INFOPLIST_FILE = "Derived/InfoPlists/imdanggTests-Info.plist";
				LD_RUNPATH_SEARCH_PATHS = (
					"$(inherited)",
					"@executable_path/Frameworks",
					"@loader_path/Frameworks",
				);
				OTHER_CFLAGS = (
					"$(inherited)",
					"-fmodule-map-file=$(SRCROOT)/Tuist/.build/tuist-derived/ReactorKitRuntime/ReactorKitRuntime.modulemap",
					"-fmodule-map-file=$(SRCROOT)/Tuist/.build/tuist-derived/RxCocoaRuntime/RxCocoaRuntime.modulemap",
				);
				OTHER_SWIFT_FLAGS = (
					"$(inherited)",
					"-Xcc",
					"-fmodule-map-file=$(SRCROOT)/Tuist/.build/tuist-derived/ReactorKitRuntime/ReactorKitRuntime.modulemap",
					"-Xcc",
					"-fmodule-map-file=$(SRCROOT)/Tuist/.build/tuist-derived/RxCocoaRuntime/RxCocoaRuntime.modulemap",
				);
				PRODUCT_BUNDLE_IDENTIFIER = io.tuist.imdanggTests;
				PRODUCT_NAME = imdanggTests;
				SDKROOT = iphoneos;
				SUPPORTS_MACCATALYST = NO;
				SUPPORTS_MAC_DESIGNED_FOR_IPHONE_IPAD = YES;
				SUPPORTS_XR_DESIGNED_FOR_IPHONE_IPAD = NO;
				SWIFT_COMPILATION_MODE = wholemodule;
				SWIFT_OPTIMIZATION_LEVEL = "-Owholemodule";
				SWIFT_VERSION = 5.0;
				TARGETED_DEVICE_FAMILY = "1,2";
				TEST_HOST = "$(BUILT_PRODUCTS_DIR)/imdangg.app/$(BUNDLE_EXECUTABLE_FOLDER_PATH)/imdangg";
				TEST_TARGET_NAME = imdangg;
			};
			name = Release;
		};
		E8E198760AF812F3FDE233DB /* Debug */ = {
			isa = XCBuildConfiguration;
			buildSettings = {
				BUNDLE_LOADER = "$(TEST_HOST)";
				CODE_SIGN_IDENTITY = "iPhone Developer";
				HEADER_SEARCH_PATHS = (
					"$(inherited)",
					"$(inherited)",
					"$(SRCROOT)/Tuist/.build/checkouts/ReactorKit/Sources/ReactorKitRuntime/include",
					"$(SRCROOT)/Tuist/.build/checkouts/RxSwift/Sources/RxCocoaRuntime/include",
				);
				INFOPLIST_FILE = "Derived/InfoPlists/imdanggTests-Info.plist";
				LD_RUNPATH_SEARCH_PATHS = (
					"$(inherited)",
					"@executable_path/Frameworks",
					"@loader_path/Frameworks",
				);
				OTHER_CFLAGS = (
					"$(inherited)",
					"-fmodule-map-file=$(SRCROOT)/Tuist/.build/tuist-derived/ReactorKitRuntime/ReactorKitRuntime.modulemap",
					"-fmodule-map-file=$(SRCROOT)/Tuist/.build/tuist-derived/RxCocoaRuntime/RxCocoaRuntime.modulemap",
				);
				OTHER_SWIFT_FLAGS = (
					"$(inherited)",
					"-Xcc",
					"-fmodule-map-file=$(SRCROOT)/Tuist/.build/tuist-derived/ReactorKitRuntime/ReactorKitRuntime.modulemap",
					"-Xcc",
					"-fmodule-map-file=$(SRCROOT)/Tuist/.build/tuist-derived/RxCocoaRuntime/RxCocoaRuntime.modulemap",
				);
				PRODUCT_BUNDLE_IDENTIFIER = io.tuist.imdanggTests;
				PRODUCT_NAME = imdanggTests;
				SDKROOT = iphoneos;
				SUPPORTS_MACCATALYST = NO;
				SUPPORTS_MAC_DESIGNED_FOR_IPHONE_IPAD = YES;
				SUPPORTS_XR_DESIGNED_FOR_IPHONE_IPAD = NO;
				SWIFT_ACTIVE_COMPILATION_CONDITIONS = (
					"$(inherited)",
					DEBUG,
				);
				SWIFT_COMPILATION_MODE = singlefile;
				SWIFT_OPTIMIZATION_LEVEL = "-Onone";
				SWIFT_VERSION = 5.0;
				TARGETED_DEVICE_FAMILY = "1,2";
				TEST_HOST = "$(BUILT_PRODUCTS_DIR)/imdangg.app/$(BUNDLE_EXECUTABLE_FOLDER_PATH)/imdangg";
				TEST_TARGET_NAME = imdangg;
			};
			name = Debug;
		};
		FC320506EB9A7015490BDF7E /* Release */ = {
			isa = XCBuildConfiguration;
			buildSettings = {
				ASSETCATALOG_COMPILER_APPICON_NAME = AppIcon;
				CODE_SIGN_IDENTITY = "iPhone Developer";
				ENABLE_PREVIEWS = YES;
				HEADER_SEARCH_PATHS = (
					"$(inherited)",
					"$(inherited)",
					"$(SRCROOT)/Tuist/.build/checkouts/ReactorKit/Sources/ReactorKitRuntime/include",
					"$(SRCROOT)/Tuist/.build/checkouts/RxSwift/Sources/RxCocoaRuntime/include",
				);
				INFOPLIST_FILE = "Derived/InfoPlists/imdangg-Info.plist";
				LD_RUNPATH_SEARCH_PATHS = (
					"$(inherited)",
					"@executable_path/Frameworks",
				);
				OTHER_CFLAGS = (
					"$(inherited)",
					"-fmodule-map-file=$(SRCROOT)/Tuist/.build/tuist-derived/ReactorKitRuntime/ReactorKitRuntime.modulemap",
					"-fmodule-map-file=$(SRCROOT)/Tuist/.build/tuist-derived/RxCocoaRuntime/RxCocoaRuntime.modulemap",
				);
				OTHER_SWIFT_FLAGS = (
					"$(inherited)",
					"-Xcc",
					"-fmodule-map-file=$(SRCROOT)/Tuist/.build/tuist-derived/ReactorKitRuntime/ReactorKitRuntime.modulemap",
					"-Xcc",
					"-fmodule-map-file=$(SRCROOT)/Tuist/.build/tuist-derived/RxCocoaRuntime/RxCocoaRuntime.modulemap",
				);
				PRODUCT_BUNDLE_IDENTIFIER = io.tuist.imdangg;
				PRODUCT_NAME = imdangg;
				SDKROOT = iphoneos;
				SUPPORTS_MACCATALYST = NO;
				SUPPORTS_MAC_DESIGNED_FOR_IPHONE_IPAD = YES;
				SUPPORTS_XR_DESIGNED_FOR_IPHONE_IPAD = NO;
				SWIFT_COMPILATION_MODE = wholemodule;
				SWIFT_OPTIMIZATION_LEVEL = "-Owholemodule";
				SWIFT_VERSION = 5.0;
				TARGETED_DEVICE_FAMILY = "1,2";
			};
			name = Release;
		};
/* End XCBuildConfiguration section */

/* Begin XCConfigurationList section */
		7AD75911CE09F9DC1F52ECDC /* Build configuration list for PBXProject "imdangg" */ = {
			isa = XCConfigurationList;
			buildConfigurations = (
				549F6EA55B1565528F7F365F /* Debug */,
				21816DA25C95771431E80333 /* Release */,
			);
			defaultConfigurationIsVisible = 0;
			defaultConfigurationName = Release;
		};
		87B04236E299E551696B9BEA /* Build configuration list for PBXNativeTarget "imdangg" */ = {
			isa = XCConfigurationList;
			buildConfigurations = (
				07708947634FE870DBC0181D /* Debug */,
				FC320506EB9A7015490BDF7E /* Release */,
			);
			defaultConfigurationIsVisible = 0;
			defaultConfigurationName = Release;
		};
		9F8D7BFF4F0CC74F9BC87C1E /* Build configuration list for PBXNativeTarget "imdanggTests" */ = {
			isa = XCConfigurationList;
			buildConfigurations = (
				E8E198760AF812F3FDE233DB /* Debug */,
				C63BF4255531BF7B08F5E238 /* Release */,
			);
			defaultConfigurationIsVisible = 0;
			defaultConfigurationName = Release;
		};
/* End XCConfigurationList section */
	};
	rootObject = 9BEAF3ABBDA395E22BF9B656 /* Project object */;
}
